
Microsoft Visual Studio Solution File, Format Version 12.00
# Visual Studio Version 17
VisualStudioVersion = 17.2.32630.192
MinimumVisualStudioVersion = 10.0.40219.1
Project("{9A19103F-16F7-4668-BE54-9A1E7A4F7556}") = "Catalog.API", "services\catalog\catalog.api\Catalog.API.csproj", "{62DB31F6-7CD1-4013-AD42-28D03A041FCD}"
EndProject
Project("{2150E333-8FDC-42A3-9474-1A3956D46DE8}") = "Services", "Services", "{AA836899-00B0-4057-ABE7-952D9E257888}"
EndProject
Project("{2150E333-8FDC-42A3-9474-1A3956D46DE8}") = "Catalog", "Catalog", "{D07A87C5-A7C0-4DFE-AA2A-E9F5DC3256E6}"
EndProject
Project("{E53339B2-1760-4266-BCC7-CA923CBCF16C}") = "docker-compose", "docker-compose.dcproj", "{E77EB1F5-24A9-4AE4-8797-9AEFA70E9BDC}"
EndProject
Global
	GlobalSection(SolutionConfigurationPlatforms) = preSolution
		Debug|Any CPU = Debug|Any CPU
		Release|Any CPU = Release|Any CPU
	EndGlobalSection
	GlobalSection(ProjectConfigurationPlatforms) = postSolution
		{62DB31F6-7CD1-4013-AD42-28D03A041FCD}.Debug|Any CPU.ActiveCfg = Debug|Any CPU
		{62DB31F6-7CD1-4013-AD42-28D03A041FCD}.Debug|Any CPU.Build.0 = Debug|Any CPU
		{62DB31F6-7CD1-4013-AD42-28D03A041FCD}.Release|Any CPU.ActiveCfg = Release|Any CPU
		{62DB31F6-7CD1-4013-AD42-28D03A041FCD}.Release|Any CPU.Build.0 = Release|Any CPU
		{E77EB1F5-24A9-4AE4-8797-9AEFA70E9BDC}.Debug|Any CPU.ActiveCfg = Debug|Any CPU
		{E77EB1F5-24A9-4AE4-8797-9AEFA70E9BDC}.Debug|Any CPU.Build.0 = Debug|Any CPU
		{E77EB1F5-24A9-4AE4-8797-9AEFA70E9BDC}.Release|Any CPU.ActiveCfg = Release|Any CPU
		{E77EB1F5-24A9-4AE4-8797-9AEFA70E9BDC}.Release|Any CPU.Build.0 = Release|Any CPU
	EndGlobalSection
	GlobalSection(SolutionProperties) = preSolution
		HideSolutionNode = FALSE
	EndGlobalSection
	GlobalSection(NestedProjects) = preSolution
		{62DB31F6-7CD1-4013-AD42-28D03A041FCD} = {D07A87C5-A7C0-4DFE-AA2A-E9F5DC3256E6}
		{D07A87C5-A7C0-4DFE-AA2A-E9F5DC3256E6} = {AA836899-00B0-4057-ABE7-952D9E257888}
	EndGlobalSection
	GlobalSection(ExtensibilityGlobals) = postSolution
		SolutionGuid = {B8D6E2E2-971E-438E-9864-882D752AED75}
	EndGlobalSection
EndGlobal
