
Microsoft Visual Studio Solution File, Format Version 12.00
# Visual Studio Version 17
VisualStudioVersion = 17.2.32630.192
MinimumVisualStudioVersion = 10.0.40219.1
Project("{2150E333-8FDC-42A3-9474-1A3956D46DE8}") = "Catalog", "Catalog", "{FABD14AD-BD44-42E3-AAC5-3F47E4AAB7F3}"
EndProject
Project("{FAE04EC0-301F-11D3-BF4B-00C04F79EFBC}") = "Catalog.API", "services\catalog\Catalog.API\Catalog.API.csproj", "{578DBDEC-A6F8-4C37-9F38-AD9C52414AD1}"
EndProject
Global
	GlobalSection(SolutionConfigurationPlatforms) = preSolution
		Debug|Any CPU = Debug|Any CPU
		Release|Any CPU = Release|Any CPU
	EndGlobalSection
	GlobalSection(ProjectConfigurationPlatforms) = postSolution
		{578DBDEC-A6F8-4C37-9F38-AD9C52414AD1}.Debug|Any CPU.ActiveCfg = Debug|Any CPU
		{578DBDEC-A6F8-4C37-9F38-AD9C52414AD1}.Debug|Any CPU.Build.0 = Debug|Any CPU
		{578DBDEC-A6F8-4C37-9F38-AD9C52414AD1}.Release|Any CPU.ActiveCfg = Release|Any CPU
		{578DBDEC-A6F8-4C37-9F38-AD9C52414AD1}.Release|Any CPU.Build.0 = Release|Any CPU
	EndGlobalSection
	GlobalSection(SolutionProperties) = preSolution
		HideSolutionNode = FALSE
	EndGlobalSection
	GlobalSection(NestedProjects) = preSolution
		{578DBDEC-A6F8-4C37-9F38-AD9C52414AD1} = {FABD14AD-BD44-42E3-AAC5-3F47E4AAB7F3}
	EndGlobalSection
	GlobalSection(ExtensibilityGlobals) = postSolution
		SolutionGuid = {3FB74748-5040-4AB5-BF4E-D554BB9CE579}
	EndGlobalSection
EndGlobal
