
Microsoft Visual Studio Solution File, Format Version 12.00
# Visual Studio Version 17
VisualStudioVersion = 17.2.32630.192
MinimumVisualStudioVersion = 10.0.40219.1
Project("{E53339B2-1760-4266-BCC7-CA923CBCF16C}") = "docker-compose", "docker-compose.dcproj", "{E77EB1F5-24A9-4AE4-8797-9AEFA70E9BDC}"
EndProject
Project("{2150E333-8FDC-42A3-9474-1A3956D46DE8}") = "Services", "Services", "{AA836899-00B0-4057-ABE7-952D9E257888}"
EndProject
Project("{2150E333-8FDC-42A3-9474-1A3956D46DE8}") = "Catalog", "Catalog", "{D07A87C5-A7C0-4DFE-AA2A-E9F5DC3256E6}"
EndProject
Project("{9A19103F-16F7-4668-BE54-9A1E7A4F7556}") = "Catalog.API", "Services\Catalog\Catalog.API\Catalog.API.csproj", "{62DB31F6-7CD1-4013-AD42-28D03A041FCD}"
EndProject
Project("{2150E333-8FDC-42A3-9474-1A3956D46DE8}") = "Basket", "Basket", "{34ECCD40-9F1B-469B-A3DC-C21F9C9CF052}"
EndProject
Project("{9A19103F-16F7-4668-BE54-9A1E7A4F7556}") = "Basket.API", "Services\Basket\Basket.API\Basket.API.csproj", "{3EA280F0-006C-4B58-9217-99FD9A09B1DD}"
EndProject
Project("{2150E333-8FDC-42A3-9474-1A3956D46DE8}") = "Discount", "Discount", "{54C6BDA6-BBF2-46B6-8FBE-276D410B14CB}"
EndProject
Project("{9A19103F-16F7-4668-BE54-9A1E7A4F7556}") = "Discount.API", "Services\Discount\Discount.API\Discount.API.csproj", "{39D68999-63C2-4DD8-81C3-CA5D62583C18}"
EndProject
Project("{9A19103F-16F7-4668-BE54-9A1E7A4F7556}") = "Discount.Grpc", "Services\Discount\Discount.Grpc\Discount.Grpc.csproj", "{D74F4906-5A85-4979-9769-A1B03FB8B46B}"
EndProject
Project("{2150E333-8FDC-42A3-9474-1A3956D46DE8}") = "Ordering", "Ordering", "{7FF4223C-EE67-4EE6-BE3F-2B40B004ABDF}"
EndProject
Project("{9A19103F-16F7-4668-BE54-9A1E7A4F7556}") = "Ordering.Domain", "Services\Ordering\Ordering.Domain\Ordering.Domain.csproj", "{0ED721CD-6A33-413C-8525-3720D43D925C}"
EndProject
Project("{9A19103F-16F7-4668-BE54-9A1E7A4F7556}") = "Ordering.Infrastructure", "Services\Ordering\Ordering.Infraestructure\Ordering.Infrastructure.csproj", "{1589EE9B-F328-4413-AA8D-CC99B896503F}"
EndProject
Project("{9A19103F-16F7-4668-BE54-9A1E7A4F7556}") = "Ordering.Application", "Services\Ordering\Ordering.Application\Ordering.Application.csproj", "{82732205-7516-4B9C-B314-65FA93E1402A}"
EndProject
Project("{9A19103F-16F7-4668-BE54-9A1E7A4F7556}") = "Ordering.API", "Services\Ordering\Ordering.API\Ordering.API.csproj", "{33B29C6B-4800-4A4A-BC68-79D771660659}"
EndProject
Global
	GlobalSection(SolutionConfigurationPlatforms) = preSolution
		Debug|Any CPU = Debug|Any CPU
		Release|Any CPU = Release|Any CPU
	EndGlobalSection
	GlobalSection(ProjectConfigurationPlatforms) = postSolution
		{E77EB1F5-24A9-4AE4-8797-9AEFA70E9BDC}.Debug|Any CPU.ActiveCfg = Debug|Any CPU
		{E77EB1F5-24A9-4AE4-8797-9AEFA70E9BDC}.Debug|Any CPU.Build.0 = Debug|Any CPU
		{E77EB1F5-24A9-4AE4-8797-9AEFA70E9BDC}.Release|Any CPU.ActiveCfg = Release|Any CPU
		{E77EB1F5-24A9-4AE4-8797-9AEFA70E9BDC}.Release|Any CPU.Build.0 = Release|Any CPU
		{62DB31F6-7CD1-4013-AD42-28D03A041FCD}.Debug|Any CPU.ActiveCfg = Debug|Any CPU
		{62DB31F6-7CD1-4013-AD42-28D03A041FCD}.Debug|Any CPU.Build.0 = Debug|Any CPU
		{62DB31F6-7CD1-4013-AD42-28D03A041FCD}.Release|Any CPU.ActiveCfg = Release|Any CPU
		{62DB31F6-7CD1-4013-AD42-28D03A041FCD}.Release|Any CPU.Build.0 = Release|Any CPU
		{3EA280F0-006C-4B58-9217-99FD9A09B1DD}.Debug|Any CPU.ActiveCfg = Debug|Any CPU
		{3EA280F0-006C-4B58-9217-99FD9A09B1DD}.Debug|Any CPU.Build.0 = Debug|Any CPU
		{3EA280F0-006C-4B58-9217-99FD9A09B1DD}.Release|Any CPU.ActiveCfg = Release|Any CPU
		{3EA280F0-006C-4B58-9217-99FD9A09B1DD}.Release|Any CPU.Build.0 = Release|Any CPU
		{39D68999-63C2-4DD8-81C3-CA5D62583C18}.Debug|Any CPU.ActiveCfg = Debug|Any CPU
		{39D68999-63C2-4DD8-81C3-CA5D62583C18}.Debug|Any CPU.Build.0 = Debug|Any CPU
		{39D68999-63C2-4DD8-81C3-CA5D62583C18}.Release|Any CPU.ActiveCfg = Release|Any CPU
		{39D68999-63C2-4DD8-81C3-CA5D62583C18}.Release|Any CPU.Build.0 = Release|Any CPU
		{D74F4906-5A85-4979-9769-A1B03FB8B46B}.Debug|Any CPU.ActiveCfg = Debug|Any CPU
		{D74F4906-5A85-4979-9769-A1B03FB8B46B}.Debug|Any CPU.Build.0 = Debug|Any CPU
		{D74F4906-5A85-4979-9769-A1B03FB8B46B}.Release|Any CPU.ActiveCfg = Release|Any CPU
		{D74F4906-5A85-4979-9769-A1B03FB8B46B}.Release|Any CPU.Build.0 = Release|Any CPU
		{0ED721CD-6A33-413C-8525-3720D43D925C}.Debug|Any CPU.ActiveCfg = Debug|Any CPU
		{0ED721CD-6A33-413C-8525-3720D43D925C}.Debug|Any CPU.Build.0 = Debug|Any CPU
		{0ED721CD-6A33-413C-8525-3720D43D925C}.Release|Any CPU.ActiveCfg = Release|Any CPU
		{0ED721CD-6A33-413C-8525-3720D43D925C}.Release|Any CPU.Build.0 = Release|Any CPU
		{1589EE9B-F328-4413-AA8D-CC99B896503F}.Debug|Any CPU.ActiveCfg = Debug|Any CPU
		{1589EE9B-F328-4413-AA8D-CC99B896503F}.Debug|Any CPU.Build.0 = Debug|Any CPU
		{1589EE9B-F328-4413-AA8D-CC99B896503F}.Release|Any CPU.ActiveCfg = Release|Any CPU
		{1589EE9B-F328-4413-AA8D-CC99B896503F}.Release|Any CPU.Build.0 = Release|Any CPU
		{82732205-7516-4B9C-B314-65FA93E1402A}.Debug|Any CPU.ActiveCfg = Debug|Any CPU
		{82732205-7516-4B9C-B314-65FA93E1402A}.Debug|Any CPU.Build.0 = Debug|Any CPU
		{82732205-7516-4B9C-B314-65FA93E1402A}.Release|Any CPU.ActiveCfg = Release|Any CPU
		{82732205-7516-4B9C-B314-65FA93E1402A}.Release|Any CPU.Build.0 = Release|Any CPU
		{33B29C6B-4800-4A4A-BC68-79D771660659}.Debug|Any CPU.ActiveCfg = Debug|Any CPU
		{33B29C6B-4800-4A4A-BC68-79D771660659}.Debug|Any CPU.Build.0 = Debug|Any CPU
		{33B29C6B-4800-4A4A-BC68-79D771660659}.Release|Any CPU.ActiveCfg = Release|Any CPU
		{33B29C6B-4800-4A4A-BC68-79D771660659}.Release|Any CPU.Build.0 = Release|Any CPU
	EndGlobalSection
	GlobalSection(SolutionProperties) = preSolution
		HideSolutionNode = FALSE
	EndGlobalSection
	GlobalSection(NestedProjects) = preSolution
		{D07A87C5-A7C0-4DFE-AA2A-E9F5DC3256E6} = {AA836899-00B0-4057-ABE7-952D9E257888}
		{62DB31F6-7CD1-4013-AD42-28D03A041FCD} = {D07A87C5-A7C0-4DFE-AA2A-E9F5DC3256E6}
		{34ECCD40-9F1B-469B-A3DC-C21F9C9CF052} = {AA836899-00B0-4057-ABE7-952D9E257888}
		{3EA280F0-006C-4B58-9217-99FD9A09B1DD} = {34ECCD40-9F1B-469B-A3DC-C21F9C9CF052}
		{54C6BDA6-BBF2-46B6-8FBE-276D410B14CB} = {AA836899-00B0-4057-ABE7-952D9E257888}
		{39D68999-63C2-4DD8-81C3-CA5D62583C18} = {54C6BDA6-BBF2-46B6-8FBE-276D410B14CB}
		{D74F4906-5A85-4979-9769-A1B03FB8B46B} = {54C6BDA6-BBF2-46B6-8FBE-276D410B14CB}
		{7FF4223C-EE67-4EE6-BE3F-2B40B004ABDF} = {AA836899-00B0-4057-ABE7-952D9E257888}
		{0ED721CD-6A33-413C-8525-3720D43D925C} = {7FF4223C-EE67-4EE6-BE3F-2B40B004ABDF}
		{1589EE9B-F328-4413-AA8D-CC99B896503F} = {7FF4223C-EE67-4EE6-BE3F-2B40B004ABDF}
		{82732205-7516-4B9C-B314-65FA93E1402A} = {7FF4223C-EE67-4EE6-BE3F-2B40B004ABDF}
		{33B29C6B-4800-4A4A-BC68-79D771660659} = {7FF4223C-EE67-4EE6-BE3F-2B40B004ABDF}
	EndGlobalSection
	GlobalSection(ExtensibilityGlobals) = postSolution
		SolutionGuid = {B8D6E2E2-971E-438E-9864-882D752AED75}
	EndGlobalSection
EndGlobal
